
Microsoft Visual Studio Solution File, Format Version 12.00
# Visual Studio 15
VisualStudioVersion = 15.0.28307.271
MinimumVisualStudioVersion = 10.0.40219.1
Project("{888888A0-9F3D-457C-B088-3A5042F75D52}") = "drone", "drone\drone.pyproj", "{8DE1ABB1-0C95-4976-A03C-24487837BD5B}"
EndProject
Global
	GlobalSection(SolutionConfigurationPlatforms) = preSolution
		Debug|Any CPU = Debug|Any CPU
		Release|Any CPU = Release|Any CPU
	EndGlobalSection
	GlobalSection(ProjectConfigurationPlatforms) = postSolution
		{8DE1ABB1-0C95-4976-A03C-24487837BD5B}.Debug|Any CPU.ActiveCfg = Debug|Any CPU
		{8DE1ABB1-0C95-4976-A03C-24487837BD5B}.Release|Any CPU.ActiveCfg = Release|Any CPU
	EndGlobalSection
	GlobalSection(SolutionProperties) = preSolution
		HideSolutionNode = FALSE
	EndGlobalSection
	GlobalSection(ExtensibilityGlobals) = postSolution
		SolutionGuid = {B77F27B1-BD4A-4C0C-B1FD-49DA8522352F}
	EndGlobalSection
EndGlobal
